#MicroXplorer Configuration settings - do not modify
Mcu.Family=STM32F1
PB7.GPIO_PuPd=GPIO_NOPULL
ProjectManager.MainLocation=Core/Src
RCC.MCOFreq_Value=8000000
ProjectManager.ProjectFileName=micro2.ioc
ADC1.Rank-0\#ChannelRegularConversion=1
PD1-OSC_OUT.Mode=HSE-External-Oscillator
ProjectManager.KeepUserCode=true
Mcu.UserName=STM32F103C6Tx
PA10.Mode=Asynchronous
Mcu.PinsNb=20
ProjectManager.NoMain=false
ADC1.IPParameters=Rank-0\#ChannelRegularConversion,Channel-0\#ChannelRegularConversion,SamplingTime-0\#ChannelRegularConversion,NbrOfConversionFlag,master
RCC.PLLCLKFreq_Value=8000000
PB6.GPIO_PuPd=GPIO_PULLDOWN
ProjectManager.functionlistsort=1-MX_GPIO_Init-GPIO-false-HAL-true,2-SystemClock_Config-RCC-false-HAL-false,3-MX_ADC1_Init-ADC1-false-HAL-true,4-MX_USART1_UART_Init-USART1-false-HAL-true
RCC.ADCFreqValue=4000000
ProjectManager.DefaultFWLocation=true
PD0-OSC_IN.Signal=RCC_OSC_IN
ProjectManager.DeletePrevious=true
USART1.IPParameters=VirtualMode
PB10.Locked=true
PB11.Signal=GPIO_Output
VP_SYS_VS_ND.Mode=No_Debug
PinOutPanel.RotationAngle=0
RCC.FamilyName=M
RCC.SYSCLKSource=RCC_SYSCLKSOURCE_HSE
ProjectManager.StackSize=0x400
PB5.GPIOParameters=GPIO_PuPd
PA0-WKUP.Signal=GPIO_Output
PA0-WKUP.Locked=true
PD1-OSC_OUT.Signal=RCC_OSC_OUT
Mcu.IP4=USART1
RCC.FCLKCortexFreq_Value=8000000
NVIC.SVCall_IRQn=true\:0\:0\:false\:false\:true\:false\:false
Mcu.IP2=RCC
Mcu.IP3=SYS
PB4.GPIOParameters=GPIO_PuPd
Mcu.IP0=ADC1
PA9.Mode=Asynchronous
Mcu.IP1=NVIC
Mcu.UserConstants=
ProjectManager.TargetToolchain=STM32CubeIDE
Mcu.ThirdPartyNb=0
PB1.GPIO_PuPd=GPIO_PULLDOWN
PB7.GPIOParameters=PinState,GPIO_PuPd
RCC.HCLKFreq_Value=8000000
Mcu.IPNb=5
ProjectManager.PreviousToolchain=
RCC.APB2TimFreq_Value=8000000
PA9.Signal=USART1_TX
PB2.GPIOParameters=GPIO_PuPd
PB6.Signal=GPIO_Output
PB5.Locked=true
PB9.Locked=true
Mcu.Pin6=PB2
Mcu.Pin7=PB10
PB4.GPIO_PuPd=GPIO_PULLDOWN
ProjectManager.RegisterCallBack=
Mcu.Pin8=PB11
RCC.USBFreq_Value=8000000
Mcu.Pin9=PA9
PA1.Signal=ADCx_IN1
RCC.AHBFreq_Value=8000000
Mcu.Pin0=PD0-OSC_IN
PB1.Locked=true
Mcu.Pin1=PD1-OSC_OUT
GPIO.groupedBy=Show All
Mcu.Pin2=PA0-WKUP
PD0-OSC_IN.Mode=HSE-External-Oscillator
PB10.Signal=GPIO_Output
Mcu.Pin3=PA1
Mcu.Pin4=PB0
Mcu.Pin5=PB1
ADC1.Channel-0\#ChannelRegularConversion=ADC_CHANNEL_1
ProjectManager.ProjectBuild=false
NVIC.UsageFault_IRQn=true\:0\:0\:false\:false\:true\:false\:false
NVIC.DebugMonitor_IRQn=true\:0\:0\:false\:false\:true\:false\:false
PB2.Signal=GPIO_Output
board=custom
NVIC.SysTick_IRQn=true\:0\:0\:false\:false\:true\:false\:true
ProjectManager.LastFirmware=false
RCC.VCOOutput2Freq_Value=4000000
ProjectManager.FirmwarePackage=STM32Cube FW_F1 V1.8.3
MxDb.Version=DB.6.0.20
PB0.GPIOParameters=GPIO_PuPd
RCC.APB2Freq_Value=8000000
PB3.GPIO_PuPd=GPIO_PULLDOWN
ProjectManager.BackupPrevious=false
MxCube.Version=6.2.0
SH.ADCx_IN1.ConfNb=1
File.Version=6
VP_SYS_VS_Systick.Mode=SysTick
VP_SYS_VS_ND.Signal=SYS_VS_ND
PB3.GPIOParameters=GPIO_PuPd
RCC.RCC_MCOSource=RCC_MCO1SOURCE_HSE
PB7.Signal=GPIO_Output
PB8.Locked=true
NVIC.NonMaskableInt_IRQn=true\:0\:0\:false\:false\:true\:false\:false
PB6.Locked=true
NVIC.PendSV_IRQn=true\:0\:0\:false\:false\:true\:false\:false
ProjectManager.FreePins=false
RCC.IPParameters=ADCFreqValue,AHBFreq_Value,APB1Freq_Value,APB1TimFreq_Value,APB2Freq_Value,APB2TimFreq_Value,FCLKCortexFreq_Value,FamilyName,HCLKFreq_Value,MCOFreq_Value,PLLCLKFreq_Value,PLLMCOFreq_Value,RCC_MCOSource,SYSCLKFreq_VALUE,SYSCLKSource,TimSysFreq_Value,USBFreq_Value,VCOOutput2Freq_Value
ProjectManager.AskForMigrate=true
Mcu.Name=STM32F103C(4-6)Tx
PB6.GPIOParameters=GPIO_PuPd
ProjectManager.HalAssertFull=false
PB0.Locked=true
PB2.GPIO_PuPd=GPIO_PULLDOWN
ADC1.SamplingTime-0\#ChannelRegularConversion=ADC_SAMPLETIME_1CYCLE_5
ProjectManager.ProjectName=micro2
ProjectManager.UnderRoot=true
PB7.PinState=GPIO_PIN_RESET
PB2.Locked=true
RCC.PLLMCOFreq_Value=4000000
ProjectManager.CoupleFile=false
PB4.Locked=true
PB3.Signal=GPIO_Output
RCC.SYSCLKFreq_VALUE=8000000
Mcu.Package=LQFP48
PB5.Signal=GPIO_Output
PB9.Signal=GPIO_Output
PB1.Signal=GPIO_Output
RCC.TimSysFreq_Value=8000000
PA1.Locked=true
ADC1.master=1
NVIC.ForceEnableDMAVector=true
KeepUserPlacement=false
PB5.GPIO_PuPd=GPIO_PULLDOWN
NVIC.MemoryManagement_IRQn=true\:0\:0\:false\:false\:true\:false\:false
USART1.VirtualMode=VM_ASYNC
ProjectManager.CompilerOptimize=6
ProjectManager.ToolChainLocation=
VP_SYS_VS_Systick.Signal=SYS_VS_Systick
PA10.Signal=USART1_RX
ProjectManager.HeapSize=0x200
Mcu.Pin15=PB7
NVIC.HardFault_IRQn=true\:0\:0\:false\:false\:true\:false\:false
Mcu.Pin16=PB8
Mcu.Pin13=PB5
Mcu.Pin14=PB6
Mcu.Pin19=VP_SYS_VS_Systick
ProjectManager.ComputerToolchain=false
Mcu.Pin17=PB9
Mcu.Pin18=VP_SYS_VS_ND
NVIC.PriorityGroup=NVIC_PRIORITYGROUP_4
ADC1.NbrOfConversionFlag=1
SH.ADCx_IN1.0=ADC1_IN1,IN1
Mcu.Pin11=PB3
Mcu.Pin12=PB4
Mcu.Pin10=PA10
PB7.Locked=true
RCC.APB1TimFreq_Value=8000000
PB8.Signal=GPIO_Output
NVIC.BusFault_IRQn=true\:0\:0\:false\:false\:true\:false\:false
RCC.APB1Freq_Value=8000000
PB0.Signal=GPIO_Output
ProjectManager.CustomerFirmwarePackage=
PB11.Locked=true
ProjectManager.DeviceId=STM32F103C6Tx
ProjectManager.LibraryCopy=1
PB0.GPIO_PuPd=GPIO_PULLDOWN
PB3.Locked=true
PB4.Signal=GPIO_Output
PB1.GPIOParameters=GPIO_PuPd
isbadioc=false
